// !$*UTF8*$!
{
	archiveVersion = 1;
	classes = {
	};
	objectVersion = 50;
	objects = {

/* Begin PBXBuildFile section */
		FB1DD760267CBF5E00C900C4 /* OrderingRoutineItemCellViewModel.swift in Sources */ = {isa = PBXBuildFile; fileRef = FB1DD75F267CBF5E00C900C4 /* OrderingRoutineItemCellViewModel.swift */; };
		FB1DD762267CC0B300C900C4 /* OrderingRoutineViewModel.swift in Sources */ = {isa = PBXBuildFile; fileRef = FB1DD761267CC0B300C900C4 /* OrderingRoutineViewModel.swift */; };
		FB1DD764267CC2C500C900C4 /* SettingRoutineViewModel.swift in Sources */ = {isa = PBXBuildFile; fileRef = FB1DD763267CC2C500C900C4 /* SettingRoutineViewModel.swift */; };
		FB1DD766267CC38C00C900C4 /* RoutineInformationPartCellViewModel.swift in Sources */ = {isa = PBXBuildFile; fileRef = FB1DD765267CC38C00C900C4 /* RoutineInformationPartCellViewModel.swift */; };
		FB1DD768267CC3F100C900C4 /* RoutineInfomationCellViewModel.swift in Sources */ = {isa = PBXBuildFile; fileRef = FB1DD767267CC3F100C900C4 /* RoutineInfomationCellViewModel.swift */; };
		FB1DD76A267CCB4F00C900C4 /* RoutineItemCellViewModel.swift in Sources */ = {isa = PBXBuildFile; fileRef = FB1DD769267CCB4F00C900C4 /* RoutineItemCellViewModel.swift */; };
		FB1DD76C267CD59A00C900C4 /* RoutinePartCellViewModel.swift in Sources */ = {isa = PBXBuildFile; fileRef = FB1DD76B267CD59A00C900C4 /* RoutinePartCellViewModel.swift */; };
		FB1DD76E267CDFE200C900C4 /* AddingRoutineCellViewModel.swift in Sources */ = {isa = PBXBuildFile; fileRef = FB1DD76D267CDFE200C900C4 /* AddingRoutineCellViewModel.swift */; };
		FB43404126679E8500F5D76E /* AppDelegate.swift in Sources */ = {isa = PBXBuildFile; fileRef = FB43404026679E8500F5D76E /* AppDelegate.swift */; };
		FB43404326679E8500F5D76E /* SceneDelegate.swift in Sources */ = {isa = PBXBuildFile; fileRef = FB43404226679E8500F5D76E /* SceneDelegate.swift */; };
		FB43404526679E8500F5D76E /* HomeViewController.swift in Sources */ = {isa = PBXBuildFile; fileRef = FB43404426679E8500F5D76E /* HomeViewController.swift */; };
		FB43404B26679E8500F5D76E /* FitnessApp.xcdatamodeld in Sources */ = {isa = PBXBuildFile; fileRef = FB43404926679E8500F5D76E /* FitnessApp.xcdatamodeld */; };
		FB43404D26679E8700F5D76E /* Assets.xcassets in Resources */ = {isa = PBXBuildFile; fileRef = FB43404C26679E8700F5D76E /* Assets.xcassets */; };
		FB43405026679E8700F5D76E /* LaunchScreen.storyboard in Resources */ = {isa = PBXBuildFile; fileRef = FB43404E26679E8700F5D76E /* LaunchScreen.storyboard */; };
		FB43405B26679E8700F5D76E /* FitnessAppTests.swift in Sources */ = {isa = PBXBuildFile; fileRef = FB43405A26679E8700F5D76E /* FitnessAppTests.swift */; };
		FB43406626679E8800F5D76E /* FitnessAppUITests.swift in Sources */ = {isa = PBXBuildFile; fileRef = FB43406526679E8800F5D76E /* FitnessAppUITests.swift */; };
		FB4340752667A2A200F5D76E /* Images.xcassets in Resources */ = {isa = PBXBuildFile; fileRef = FB4340742667A2A200F5D76E /* Images.xcassets */; };
		FB4340772667A2AB00F5D76E /* Colors.xcassets in Resources */ = {isa = PBXBuildFile; fileRef = FB4340762667A2AB00F5D76E /* Colors.xcassets */; };
		FB43407A2667B91D00F5D76E /* UIView+layer.swift in Sources */ = {isa = PBXBuildFile; fileRef = FB4340792667B91D00F5D76E /* UIView+layer.swift */; };
		FB43407E2669032600F5D76E /* MakingRoutineViewController.swift in Sources */ = {isa = PBXBuildFile; fileRef = FB43407C2669032600F5D76E /* MakingRoutineViewController.swift */; };
		FB43407F2669032600F5D76E /* MakingRoutineViewController.xib in Resources */ = {isa = PBXBuildFile; fileRef = FB43407D2669032600F5D76E /* MakingRoutineViewController.xib */; };
		FB434082266903AD00F5D76E /* MakingTitleView.swift in Sources */ = {isa = PBXBuildFile; fileRef = FB434081266903AD00F5D76E /* MakingTitleView.swift */; };
		FB434084266903D900F5D76E /* MakingTitleView.xib in Resources */ = {isa = PBXBuildFile; fileRef = FB434083266903D900F5D76E /* MakingTitleView.xib */; };
		FB434087266A73C800F5D76E /* SelectingPartView.swift in Sources */ = {isa = PBXBuildFile; fileRef = FB434086266A73C800F5D76E /* SelectingPartView.swift */; };
		FB434089266A73D200F5D76E /* SelectingPartView.xib in Resources */ = {isa = PBXBuildFile; fileRef = FB434088266A73D200F5D76E /* SelectingPartView.xib */; };
		FB43408B266A765200F5D76E /* MakingRoutineViewModel.swift in Sources */ = {isa = PBXBuildFile; fileRef = FB43408A266A765200F5D76E /* MakingRoutineViewModel.swift */; };
		FB43408F266B2DF200F5D76E /* SelectingPartItemCell.swift in Sources */ = {isa = PBXBuildFile; fileRef = FB43408D266B2DF200F5D76E /* SelectingPartItemCell.swift */; };
		FB434090266B2DF200F5D76E /* SelectingPartItemCell.xib in Resources */ = {isa = PBXBuildFile; fileRef = FB43408E266B2DF200F5D76E /* SelectingPartItemCell.xib */; };
		FB434092266B31EB00F5D76E /* UIColor+CustomColor.swift in Sources */ = {isa = PBXBuildFile; fileRef = FB434091266B31EB00F5D76E /* UIColor+CustomColor.swift */; };
		FB434095266B443400F5D76E /* SettingRoutineView.swift in Sources */ = {isa = PBXBuildFile; fileRef = FB434094266B443400F5D76E /* SettingRoutineView.swift */; };
		FB434097266B443C00F5D76E /* SettingRoutineView.xib in Resources */ = {isa = PBXBuildFile; fileRef = FB434096266B443C00F5D76E /* SettingRoutineView.xib */; };
		FB43409B266B481300F5D76E /* RoutineInfomationCell.swift in Sources */ = {isa = PBXBuildFile; fileRef = FB434099266B481300F5D76E /* RoutineInfomationCell.swift */; };
		FB43409C266B481300F5D76E /* RoutineInfomationCell.xib in Resources */ = {isa = PBXBuildFile; fileRef = FB43409A266B481300F5D76E /* RoutineInfomationCell.xib */; };
		FB4340A1266B493300F5D76E /* RoutinePartCell.swift in Sources */ = {isa = PBXBuildFile; fileRef = FB43409F266B493300F5D76E /* RoutinePartCell.swift */; };
		FB4340A2266B493300F5D76E /* RoutinePartCell.xib in Resources */ = {isa = PBXBuildFile; fileRef = FB4340A0266B493300F5D76E /* RoutinePartCell.xib */; };
		FB4340AE266B5BAC00F5D76E /* RoutineItemCell.swift in Sources */ = {isa = PBXBuildFile; fileRef = FB4340AC266B5BAC00F5D76E /* RoutineItemCell.swift */; };
		FB4340AF266B5BAC00F5D76E /* RoutineItemCell.xib in Resources */ = {isa = PBXBuildFile; fileRef = FB4340AD266B5BAC00F5D76E /* RoutineItemCell.xib */; };
		FB4340B3266B5ED900F5D76E /* RoutineInformationPartCell.swift in Sources */ = {isa = PBXBuildFile; fileRef = FB4340B1266B5ED900F5D76E /* RoutineInformationPartCell.swift */; };
		FB4340B4266B5ED900F5D76E /* RoutineInformationPartCell.xib in Resources */ = {isa = PBXBuildFile; fileRef = FB4340B2266B5ED900F5D76E /* RoutineInformationPartCell.xib */; };
		FB4340BD266C52C100F5D76E /* UICollectionViewLeftAlignedFlowLayout.swift in Sources */ = {isa = PBXBuildFile; fileRef = FB4340BC266C52C100F5D76E /* UICollectionViewLeftAlignedFlowLayout.swift */; };
		FB4340C1266C97D300F5D76E /* OrderingRoutinesViewController.swift in Sources */ = {isa = PBXBuildFile; fileRef = FB4340BF266C97D300F5D76E /* OrderingRoutinesViewController.swift */; };
		FB4340C2266C97D300F5D76E /* OrderingRoutinesViewController.xib in Resources */ = {isa = PBXBuildFile; fileRef = FB4340C0266C97D300F5D76E /* OrderingRoutinesViewController.xib */; };
		FBE333B726723FB60036A5B5 /* SettingGoalViewController.xib in Resources */ = {isa = PBXBuildFile; fileRef = FBE333B526723FB60036A5B5 /* SettingGoalViewController.xib */; };
		FBE333B826723FB60036A5B5 /* SettingGoalViewController.swift in Sources */ = {isa = PBXBuildFile; fileRef = FBE333B626723FB60036A5B5 /* SettingGoalViewController.swift */; };
		FBE333BE267472330036A5B5 /* AddingRoutineCell.swift in Sources */ = {isa = PBXBuildFile; fileRef = FBE333BC267472330036A5B5 /* AddingRoutineCell.swift */; };
		FBE333BF267472330036A5B5 /* AddingRoutineCell.xib in Resources */ = {isa = PBXBuildFile; fileRef = FBE333BD267472330036A5B5 /* AddingRoutineCell.xib */; };
		FBE333C1267482DC0036A5B5 /* FTabBarController.swift in Sources */ = {isa = PBXBuildFile; fileRef = FBE333C0267482DC0036A5B5 /* FTabBarController.swift */; };
		FBE333C3267483370036A5B5 /* HomeViewController.xib in Resources */ = {isa = PBXBuildFile; fileRef = FBE333C2267483370036A5B5 /* HomeViewController.xib */; };
		FBE333C8267488890036A5B5 /* FitnessViewController.xib in Resources */ = {isa = PBXBuildFile; fileRef = FBE333C7267488890036A5B5 /* FitnessViewController.xib */; };
		FBE333D0267489D40036A5B5 /* FitnessViewController.swift in Sources */ = {isa = PBXBuildFile; fileRef = FBE333CF267489D40036A5B5 /* FitnessViewController.swift */; };
		FBE333D42678D2EF0036A5B5 /* OrderingRoutineView.swift in Sources */ = {isa = PBXBuildFile; fileRef = FBE333D32678D2EF0036A5B5 /* OrderingRoutineView.swift */; };
		FBE333D62678D2F90036A5B5 /* OrderingRoutineView.xib in Resources */ = {isa = PBXBuildFile; fileRef = FBE333D52678D2F90036A5B5 /* OrderingRoutineView.xib */; };
		FBE333DA2678D7010036A5B5 /* OrderingRoutineItemCell.swift in Sources */ = {isa = PBXBuildFile; fileRef = FBE333D82678D7010036A5B5 /* OrderingRoutineItemCell.swift */; };
		FBE333DB2678D7010036A5B5 /* OrderingRoutineItemCell.xib in Resources */ = {isa = PBXBuildFile; fileRef = FBE333D92678D7010036A5B5 /* OrderingRoutineItemCell.xib */; };
		FBE333DF2678DA9D0036A5B5 /* OrderingRoutineItemSetCell.swift in Sources */ = {isa = PBXBuildFile; fileRef = FBE333DD2678DA9D0036A5B5 /* OrderingRoutineItemSetCell.swift */; };
		FBE333E02678DA9D0036A5B5 /* OrderingRoutineItemSetCell.xib in Resources */ = {isa = PBXBuildFile; fileRef = FBE333DE2678DA9D0036A5B5 /* OrderingRoutineItemSetCell.xib */; };
/* End PBXBuildFile section */

/* Begin PBXContainerItemProxy section */
		FB43405726679E8700F5D76E /* PBXContainerItemProxy */ = {
			isa = PBXContainerItemProxy;
			containerPortal = FB43403526679E8500F5D76E /* Project object */;
			proxyType = 1;
			remoteGlobalIDString = FB43403C26679E8500F5D76E;
			remoteInfo = FitnessApp;
		};
		FB43406226679E8800F5D76E /* PBXContainerItemProxy */ = {
			isa = PBXContainerItemProxy;
			containerPortal = FB43403526679E8500F5D76E /* Project object */;
			proxyType = 1;
			remoteGlobalIDString = FB43403C26679E8500F5D76E;
			remoteInfo = FitnessApp;
		};
/* End PBXContainerItemProxy section */

/* Begin PBXFileReference section */
		FB1DD75F267CBF5E00C900C4 /* OrderingRoutineItemCellViewModel.swift */ = {isa = PBXFileReference; lastKnownFileType = sourcecode.swift; path = OrderingRoutineItemCellViewModel.swift; sourceTree = "<group>"; };
		FB1DD761267CC0B300C900C4 /* OrderingRoutineViewModel.swift */ = {isa = PBXFileReference; lastKnownFileType = sourcecode.swift; path = OrderingRoutineViewModel.swift; sourceTree = "<group>"; };
		FB1DD763267CC2C500C900C4 /* SettingRoutineViewModel.swift */ = {isa = PBXFileReference; lastKnownFileType = sourcecode.swift; path = SettingRoutineViewModel.swift; sourceTree = "<group>"; };
		FB1DD765267CC38C00C900C4 /* RoutineInformationPartCellViewModel.swift */ = {isa = PBXFileReference; lastKnownFileType = sourcecode.swift; path = RoutineInformationPartCellViewModel.swift; sourceTree = "<group>"; };
		FB1DD767267CC3F100C900C4 /* RoutineInfomationCellViewModel.swift */ = {isa = PBXFileReference; lastKnownFileType = sourcecode.swift; path = RoutineInfomationCellViewModel.swift; sourceTree = "<group>"; };
		FB1DD769267CCB4F00C900C4 /* RoutineItemCellViewModel.swift */ = {isa = PBXFileReference; lastKnownFileType = sourcecode.swift; path = RoutineItemCellViewModel.swift; sourceTree = "<group>"; };
		FB1DD76B267CD59A00C900C4 /* RoutinePartCellViewModel.swift */ = {isa = PBXFileReference; lastKnownFileType = sourcecode.swift; path = RoutinePartCellViewModel.swift; sourceTree = "<group>"; };
		FB1DD76D267CDFE200C900C4 /* AddingRoutineCellViewModel.swift */ = {isa = PBXFileReference; lastKnownFileType = sourcecode.swift; path = AddingRoutineCellViewModel.swift; sourceTree = "<group>"; };
		FB43403D26679E8500F5D76E /* FitnessApp.app */ = {isa = PBXFileReference; explicitFileType = wrapper.application; includeInIndex = 0; path = FitnessApp.app; sourceTree = BUILT_PRODUCTS_DIR; };
		FB43404026679E8500F5D76E /* AppDelegate.swift */ = {isa = PBXFileReference; lastKnownFileType = sourcecode.swift; path = AppDelegate.swift; sourceTree = "<group>"; };
		FB43404226679E8500F5D76E /* SceneDelegate.swift */ = {isa = PBXFileReference; lastKnownFileType = sourcecode.swift; path = SceneDelegate.swift; sourceTree = "<group>"; };
		FB43404426679E8500F5D76E /* HomeViewController.swift */ = {isa = PBXFileReference; lastKnownFileType = sourcecode.swift; path = HomeViewController.swift; sourceTree = "<group>"; };
		FB43404A26679E8500F5D76E /* FitnessApp.xcdatamodel */ = {isa = PBXFileReference; lastKnownFileType = wrapper.xcdatamodel; path = FitnessApp.xcdatamodel; sourceTree = "<group>"; };
		FB43404C26679E8700F5D76E /* Assets.xcassets */ = {isa = PBXFileReference; lastKnownFileType = folder.assetcatalog; path = Assets.xcassets; sourceTree = "<group>"; };
		FB43404F26679E8700F5D76E /* Base */ = {isa = PBXFileReference; lastKnownFileType = file.storyboard; name = Base; path = Base.lproj/LaunchScreen.storyboard; sourceTree = "<group>"; };
		FB43405126679E8700F5D76E /* Info.plist */ = {isa = PBXFileReference; lastKnownFileType = text.plist.xml; path = Info.plist; sourceTree = "<group>"; };
		FB43405626679E8700F5D76E /* FitnessAppTests.xctest */ = {isa = PBXFileReference; explicitFileType = wrapper.cfbundle; includeInIndex = 0; path = FitnessAppTests.xctest; sourceTree = BUILT_PRODUCTS_DIR; };
		FB43405A26679E8700F5D76E /* FitnessAppTests.swift */ = {isa = PBXFileReference; lastKnownFileType = sourcecode.swift; path = FitnessAppTests.swift; sourceTree = "<group>"; };
		FB43405C26679E8700F5D76E /* Info.plist */ = {isa = PBXFileReference; lastKnownFileType = text.plist.xml; path = Info.plist; sourceTree = "<group>"; };
		FB43406126679E8800F5D76E /* FitnessAppUITests.xctest */ = {isa = PBXFileReference; explicitFileType = wrapper.cfbundle; includeInIndex = 0; path = FitnessAppUITests.xctest; sourceTree = BUILT_PRODUCTS_DIR; };
		FB43406526679E8800F5D76E /* FitnessAppUITests.swift */ = {isa = PBXFileReference; lastKnownFileType = sourcecode.swift; path = FitnessAppUITests.swift; sourceTree = "<group>"; };
		FB43406726679E8800F5D76E /* Info.plist */ = {isa = PBXFileReference; lastKnownFileType = text.plist.xml; path = Info.plist; sourceTree = "<group>"; };
		FB4340742667A2A200F5D76E /* Images.xcassets */ = {isa = PBXFileReference; lastKnownFileType = folder.assetcatalog; path = Images.xcassets; sourceTree = "<group>"; };
		FB4340762667A2AB00F5D76E /* Colors.xcassets */ = {isa = PBXFileReference; lastKnownFileType = folder.assetcatalog; path = Colors.xcassets; sourceTree = "<group>"; };
		FB4340792667B91D00F5D76E /* UIView+layer.swift */ = {isa = PBXFileReference; lastKnownFileType = sourcecode.swift; path = "UIView+layer.swift"; sourceTree = "<group>"; };
		FB43407C2669032600F5D76E /* MakingRoutineViewController.swift */ = {isa = PBXFileReference; lastKnownFileType = sourcecode.swift; path = MakingRoutineViewController.swift; sourceTree = "<group>"; };
		FB43407D2669032600F5D76E /* MakingRoutineViewController.xib */ = {isa = PBXFileReference; lastKnownFileType = file.xib; path = MakingRoutineViewController.xib; sourceTree = "<group>"; };
		FB434081266903AD00F5D76E /* MakingTitleView.swift */ = {isa = PBXFileReference; lastKnownFileType = sourcecode.swift; path = MakingTitleView.swift; sourceTree = "<group>"; };
		FB434083266903D900F5D76E /* MakingTitleView.xib */ = {isa = PBXFileReference; lastKnownFileType = file.xib; path = MakingTitleView.xib; sourceTree = "<group>"; };
		FB434086266A73C800F5D76E /* SelectingPartView.swift */ = {isa = PBXFileReference; lastKnownFileType = sourcecode.swift; path = SelectingPartView.swift; sourceTree = "<group>"; };
		FB434088266A73D200F5D76E /* SelectingPartView.xib */ = {isa = PBXFileReference; lastKnownFileType = file.xib; path = SelectingPartView.xib; sourceTree = "<group>"; };
		FB43408A266A765200F5D76E /* MakingRoutineViewModel.swift */ = {isa = PBXFileReference; lastKnownFileType = sourcecode.swift; path = MakingRoutineViewModel.swift; sourceTree = "<group>"; };
		FB43408D266B2DF200F5D76E /* SelectingPartItemCell.swift */ = {isa = PBXFileReference; lastKnownFileType = sourcecode.swift; path = SelectingPartItemCell.swift; sourceTree = "<group>"; };
		FB43408E266B2DF200F5D76E /* SelectingPartItemCell.xib */ = {isa = PBXFileReference; lastKnownFileType = file.xib; path = SelectingPartItemCell.xib; sourceTree = "<group>"; };
		FB434091266B31EB00F5D76E /* UIColor+CustomColor.swift */ = {isa = PBXFileReference; lastKnownFileType = sourcecode.swift; path = "UIColor+CustomColor.swift"; sourceTree = "<group>"; };
		FB434094266B443400F5D76E /* SettingRoutineView.swift */ = {isa = PBXFileReference; lastKnownFileType = sourcecode.swift; path = SettingRoutineView.swift; sourceTree = "<group>"; };
		FB434096266B443C00F5D76E /* SettingRoutineView.xib */ = {isa = PBXFileReference; lastKnownFileType = file.xib; path = SettingRoutineView.xib; sourceTree = "<group>"; };
		FB434099266B481300F5D76E /* RoutineInfomationCell.swift */ = {isa = PBXFileReference; lastKnownFileType = sourcecode.swift; path = RoutineInfomationCell.swift; sourceTree = "<group>"; };
		FB43409A266B481300F5D76E /* RoutineInfomationCell.xib */ = {isa = PBXFileReference; lastKnownFileType = file.xib; path = RoutineInfomationCell.xib; sourceTree = "<group>"; };
		FB43409F266B493300F5D76E /* RoutinePartCell.swift */ = {isa = PBXFileReference; lastKnownFileType = sourcecode.swift; path = RoutinePartCell.swift; sourceTree = "<group>"; };
		FB4340A0266B493300F5D76E /* RoutinePartCell.xib */ = {isa = PBXFileReference; lastKnownFileType = file.xib; path = RoutinePartCell.xib; sourceTree = "<group>"; };
		FB4340AC266B5BAC00F5D76E /* RoutineItemCell.swift */ = {isa = PBXFileReference; lastKnownFileType = sourcecode.swift; path = RoutineItemCell.swift; sourceTree = "<group>"; };
		FB4340AD266B5BAC00F5D76E /* RoutineItemCell.xib */ = {isa = PBXFileReference; lastKnownFileType = file.xib; path = RoutineItemCell.xib; sourceTree = "<group>"; };
		FB4340B1266B5ED900F5D76E /* RoutineInformationPartCell.swift */ = {isa = PBXFileReference; lastKnownFileType = sourcecode.swift; path = RoutineInformationPartCell.swift; sourceTree = "<group>"; };
		FB4340B2266B5ED900F5D76E /* RoutineInformationPartCell.xib */ = {isa = PBXFileReference; lastKnownFileType = file.xib; path = RoutineInformationPartCell.xib; sourceTree = "<group>"; };
		FB4340BC266C52C100F5D76E /* UICollectionViewLeftAlignedFlowLayout.swift */ = {isa = PBXFileReference; lastKnownFileType = sourcecode.swift; path = UICollectionViewLeftAlignedFlowLayout.swift; sourceTree = "<group>"; };
		FB4340BF266C97D300F5D76E /* OrderingRoutinesViewController.swift */ = {isa = PBXFileReference; lastKnownFileType = sourcecode.swift; path = OrderingRoutinesViewController.swift; sourceTree = "<group>"; };
		FB4340C0266C97D300F5D76E /* OrderingRoutinesViewController.xib */ = {isa = PBXFileReference; lastKnownFileType = file.xib; path = OrderingRoutinesViewController.xib; sourceTree = "<group>"; };
		FBE333B526723FB60036A5B5 /* SettingGoalViewController.xib */ = {isa = PBXFileReference; fileEncoding = 4; lastKnownFileType = file.xib; path = SettingGoalViewController.xib; sourceTree = "<group>"; };
		FBE333B626723FB60036A5B5 /* SettingGoalViewController.swift */ = {isa = PBXFileReference; fileEncoding = 4; lastKnownFileType = sourcecode.swift; path = SettingGoalViewController.swift; sourceTree = "<group>"; };
		FBE333BC267472330036A5B5 /* AddingRoutineCell.swift */ = {isa = PBXFileReference; lastKnownFileType = sourcecode.swift; path = AddingRoutineCell.swift; sourceTree = "<group>"; };
		FBE333BD267472330036A5B5 /* AddingRoutineCell.xib */ = {isa = PBXFileReference; lastKnownFileType = file.xib; path = AddingRoutineCell.xib; sourceTree = "<group>"; };
		FBE333C0267482DC0036A5B5 /* FTabBarController.swift */ = {isa = PBXFileReference; lastKnownFileType = sourcecode.swift; path = FTabBarController.swift; sourceTree = "<group>"; };
		FBE333C2267483370036A5B5 /* HomeViewController.xib */ = {isa = PBXFileReference; lastKnownFileType = file.xib; path = HomeViewController.xib; sourceTree = "<group>"; };
		FBE333C7267488890036A5B5 /* FitnessViewController.xib */ = {isa = PBXFileReference; lastKnownFileType = file.xib; path = FitnessViewController.xib; sourceTree = "<group>"; };
		FBE333CF267489D40036A5B5 /* FitnessViewController.swift */ = {isa = PBXFileReference; lastKnownFileType = sourcecode.swift; path = FitnessViewController.swift; sourceTree = "<group>"; };
		FBE333D32678D2EF0036A5B5 /* OrderingRoutineView.swift */ = {isa = PBXFileReference; lastKnownFileType = sourcecode.swift; path = OrderingRoutineView.swift; sourceTree = "<group>"; };
		FBE333D52678D2F90036A5B5 /* OrderingRoutineView.xib */ = {isa = PBXFileReference; lastKnownFileType = file.xib; path = OrderingRoutineView.xib; sourceTree = "<group>"; };
		FBE333D82678D7010036A5B5 /* OrderingRoutineItemCell.swift */ = {isa = PBXFileReference; lastKnownFileType = sourcecode.swift; path = OrderingRoutineItemCell.swift; sourceTree = "<group>"; };
		FBE333D92678D7010036A5B5 /* OrderingRoutineItemCell.xib */ = {isa = PBXFileReference; lastKnownFileType = file.xib; path = OrderingRoutineItemCell.xib; sourceTree = "<group>"; };
		FBE333DD2678DA9D0036A5B5 /* OrderingRoutineItemSetCell.swift */ = {isa = PBXFileReference; lastKnownFileType = sourcecode.swift; path = OrderingRoutineItemSetCell.swift; sourceTree = "<group>"; };
		FBE333DE2678DA9D0036A5B5 /* OrderingRoutineItemSetCell.xib */ = {isa = PBXFileReference; lastKnownFileType = file.xib; path = OrderingRoutineItemSetCell.xib; sourceTree = "<group>"; };
/* End PBXFileReference section */

/* Begin PBXFrameworksBuildPhase section */
		FB43403A26679E8500F5D76E /* Frameworks */ = {
			isa = PBXFrameworksBuildPhase;
			buildActionMask = 2147483647;
			files = (
			);
			runOnlyForDeploymentPostprocessing = 0;
		};
		FB43405326679E8700F5D76E /* Frameworks */ = {
			isa = PBXFrameworksBuildPhase;
			buildActionMask = 2147483647;
			files = (
			);
			runOnlyForDeploymentPostprocessing = 0;
		};
		FB43405E26679E8800F5D76E /* Frameworks */ = {
			isa = PBXFrameworksBuildPhase;
			buildActionMask = 2147483647;
			files = (
			);
			runOnlyForDeploymentPostprocessing = 0;
		};
/* End PBXFrameworksBuildPhase section */

/* Begin PBXGroup section */
		FB43403426679E8500F5D76E = {
			isa = PBXGroup;
			children = (
				FB43403F26679E8500F5D76E /* FitnessApp */,
				FB43405926679E8700F5D76E /* FitnessAppTests */,
				FB43406426679E8800F5D76E /* FitnessAppUITests */,
				FB43403E26679E8500F5D76E /* Products */,
			);
			sourceTree = "<group>";
		};
		FB43403E26679E8500F5D76E /* Products */ = {
			isa = PBXGroup;
			children = (
				FB43403D26679E8500F5D76E /* FitnessApp.app */,
				FB43405626679E8700F5D76E /* FitnessAppTests.xctest */,
				FB43406126679E8800F5D76E /* FitnessAppUITests.xctest */,
			);
			name = Products;
			sourceTree = "<group>";
		};
		FB43403F26679E8500F5D76E /* FitnessApp */ = {
			isa = PBXGroup;
			children = (
				FBE333B426723FB60036A5B5 /* SettingGoal */,
				FB4340BE266C97A000F5D76E /* OrderingRoutines */,
				FB4340BB266C527F00F5D76E /* Common */,
				FB43407B266902D500F5D76E /* MakingRoutine */,
				FB43404026679E8500F5D76E /* AppDelegate.swift */,
				FB43404226679E8500F5D76E /* SceneDelegate.swift */,
				FB43404426679E8500F5D76E /* HomeViewController.swift */,
				FBE333C2267483370036A5B5 /* HomeViewController.xib */,
				FBE333CF267489D40036A5B5 /* FitnessViewController.swift */,
				FBE333C7267488890036A5B5 /* FitnessViewController.xib */,
				FBE333C0267482DC0036A5B5 /* FTabBarController.swift */,
				FB43404E26679E8700F5D76E /* LaunchScreen.storyboard */,
				FB43405126679E8700F5D76E /* Info.plist */,
				FB43404926679E8500F5D76E /* FitnessApp.xcdatamodeld */,
			);
			path = FitnessApp;
			sourceTree = "<group>";
		};
		FB43405926679E8700F5D76E /* FitnessAppTests */ = {
			isa = PBXGroup;
			children = (
				FB43405A26679E8700F5D76E /* FitnessAppTests.swift */,
				FB43405C26679E8700F5D76E /* Info.plist */,
			);
			path = FitnessAppTests;
			sourceTree = "<group>";
		};
		FB43406426679E8800F5D76E /* FitnessAppUITests */ = {
			isa = PBXGroup;
			children = (
				FB43406526679E8800F5D76E /* FitnessAppUITests.swift */,
				FB43406726679E8800F5D76E /* Info.plist */,
			);
			path = FitnessAppUITests;
			sourceTree = "<group>";
		};
		FB4340732667A28D00F5D76E /* Resource */ = {
			isa = PBXGroup;
			children = (
				FB43404C26679E8700F5D76E /* Assets.xcassets */,
				FB4340742667A2A200F5D76E /* Images.xcassets */,
				FB4340762667A2AB00F5D76E /* Colors.xcassets */,
			);
			path = Resource;
			sourceTree = "<group>";
		};
		FB4340782667B90300F5D76E /* Extension */ = {
			isa = PBXGroup;
			children = (
				FB4340792667B91D00F5D76E /* UIView+layer.swift */,
				FB434091266B31EB00F5D76E /* UIColor+CustomColor.swift */,
			);
			path = Extension;
			sourceTree = "<group>";
		};
		FB43407B266902D500F5D76E /* MakingRoutine */ = {
			isa = PBXGroup;
			children = (
				FBE333D22678D2DC0036A5B5 /* OrderingRoutine */,
				FB434093266B442200F5D76E /* SettingRoutine */,
				FB434085266A737400F5D76E /* SelectingPart */,
				FB4340802669033F00F5D76E /* MakingTitle */,
				FB43408A266A765200F5D76E /* MakingRoutineViewModel.swift */,
				FB43407C2669032600F5D76E /* MakingRoutineViewController.swift */,
				FB43407D2669032600F5D76E /* MakingRoutineViewController.xib */,
			);
			path = MakingRoutine;
			sourceTree = "<group>";
		};
		FB4340802669033F00F5D76E /* MakingTitle */ = {
			isa = PBXGroup;
			children = (
				FB434081266903AD00F5D76E /* MakingTitleView.swift */,
				FB434083266903D900F5D76E /* MakingTitleView.xib */,
			);
			path = MakingTitle;
			sourceTree = "<group>";
		};
		FB434085266A737400F5D76E /* SelectingPart */ = {
			isa = PBXGroup;
			children = (
				FB43408C266B2DCC00F5D76E /* Cell */,
				FB434086266A73C800F5D76E /* SelectingPartView.swift */,
				FB434088266A73D200F5D76E /* SelectingPartView.xib */,
			);
			path = SelectingPart;
			sourceTree = "<group>";
		};
		FB43408C266B2DCC00F5D76E /* Cell */ = {
			isa = PBXGroup;
			children = (
				FB43408D266B2DF200F5D76E /* SelectingPartItemCell.swift */,
				FB43408E266B2DF200F5D76E /* SelectingPartItemCell.xib */,
			);
			path = Cell;
			sourceTree = "<group>";
		};
		FB434093266B442200F5D76E /* SettingRoutine */ = {
			isa = PBXGroup;
			children = (
				FB434098266B47ED00F5D76E /* Cell */,
				FB1DD763267CC2C500C900C4 /* SettingRoutineViewModel.swift */,
				FB434094266B443400F5D76E /* SettingRoutineView.swift */,
				FB434096266B443C00F5D76E /* SettingRoutineView.xib */,
			);
			path = SettingRoutine;
			sourceTree = "<group>";
		};
		FB434098266B47ED00F5D76E /* Cell */ = {
			isa = PBXGroup;
			children = (
				FB43409D266B491000F5D76E /* RoutineInformation */,
				FB43409E266B491F00F5D76E /* RoutineItem */,
				FBE333BB267472150036A5B5 /* AddingRoutine */,
			);
			path = Cell;
			sourceTree = "<group>";
		};
		FB43409D266B491000F5D76E /* RoutineInformation */ = {
			isa = PBXGroup;
			children = (
				FB4340B0266B5EBA00F5D76E /* Cell */,
				FB1DD767267CC3F100C900C4 /* RoutineInfomationCellViewModel.swift */,
				FB434099266B481300F5D76E /* RoutineInfomationCell.swift */,
				FB43409A266B481300F5D76E /* RoutineInfomationCell.xib */,
			);
			path = RoutineInformation;
			sourceTree = "<group>";
		};
		FB43409E266B491F00F5D76E /* RoutineItem */ = {
			isa = PBXGroup;
			children = (
				FB4340A3266B4DE900F5D76E /* Cell */,
				FB1DD76B267CD59A00C900C4 /* RoutinePartCellViewModel.swift */,
				FB43409F266B493300F5D76E /* RoutinePartCell.swift */,
				FB4340A0266B493300F5D76E /* RoutinePartCell.xib */,
			);
			path = RoutineItem;
			sourceTree = "<group>";
		};
		FB4340A3266B4DE900F5D76E /* Cell */ = {
			isa = PBXGroup;
			children = (
				FB1DD769267CCB4F00C900C4 /* RoutineItemCellViewModel.swift */,
				FB4340AC266B5BAC00F5D76E /* RoutineItemCell.swift */,
				FB4340AD266B5BAC00F5D76E /* RoutineItemCell.xib */,
			);
			path = Cell;
			sourceTree = "<group>";
		};
		FB4340B0266B5EBA00F5D76E /* Cell */ = {
			isa = PBXGroup;
			children = (
				FB1DD765267CC38C00C900C4 /* RoutineInformationPartCellViewModel.swift */,
				FB4340B1266B5ED900F5D76E /* RoutineInformationPartCell.swift */,
				FB4340B2266B5ED900F5D76E /* RoutineInformationPartCell.xib */,
			);
			path = Cell;
			sourceTree = "<group>";
		};
		FB4340BB266C527F00F5D76E /* Common */ = {
			isa = PBXGroup;
			children = (
				FB4340782667B90300F5D76E /* Extension */,
				FB4340732667A28D00F5D76E /* Resource */,
				FB4340BC266C52C100F5D76E /* UICollectionViewLeftAlignedFlowLayout.swift */,
			);
			path = Common;
			sourceTree = "<group>";
		};
		FB4340BE266C97A000F5D76E /* OrderingRoutines */ = {
			isa = PBXGroup;
			children = (
				FB4340BF266C97D300F5D76E /* OrderingRoutinesViewController.swift */,
				FB4340C0266C97D300F5D76E /* OrderingRoutinesViewController.xib */,
			);
			path = OrderingRoutines;
			sourceTree = "<group>";
		};
		FBE333B426723FB60036A5B5 /* SettingGoal */ = {
			isa = PBXGroup;
			children = (
				FBE333B526723FB60036A5B5 /* SettingGoalViewController.xib */,
				FBE333B626723FB60036A5B5 /* SettingGoalViewController.swift */,
			);
			path = SettingGoal;
			sourceTree = "<group>";
		};
		FBE333BB267472150036A5B5 /* AddingRoutine */ = {
			isa = PBXGroup;
			children = (
				FB1DD76D267CDFE200C900C4 /* AddingRoutineCellViewModel.swift */,
				FBE333BC267472330036A5B5 /* AddingRoutineCell.swift */,
				FBE333BD267472330036A5B5 /* AddingRoutineCell.xib */,
			);
			path = AddingRoutine;
			sourceTree = "<group>";
		};
		FBE333D22678D2DC0036A5B5 /* OrderingRoutine */ = {
			isa = PBXGroup;
			children = (
				FBE333D72678D6D60036A5B5 /* Cell */,
				FB1DD761267CC0B300C900C4 /* OrderingRoutineViewModel.swift */,
				FBE333D32678D2EF0036A5B5 /* OrderingRoutineView.swift */,
				FBE333D52678D2F90036A5B5 /* OrderingRoutineView.xib */,
			);
			path = OrderingRoutine;
			sourceTree = "<group>";
		};
		FBE333D72678D6D60036A5B5 /* Cell */ = {
			isa = PBXGroup;
			children = (
				FBE333DC2678DA590036A5B5 /* Cell */,
				FB1DD75F267CBF5E00C900C4 /* OrderingRoutineItemCellViewModel.swift */,
				FBE333D82678D7010036A5B5 /* OrderingRoutineItemCell.swift */,
				FBE333D92678D7010036A5B5 /* OrderingRoutineItemCell.xib */,
			);
			path = Cell;
			sourceTree = "<group>";
		};
		FBE333DC2678DA590036A5B5 /* Cell */ = {
			isa = PBXGroup;
			children = (
				FBE333DD2678DA9D0036A5B5 /* OrderingRoutineItemSetCell.swift */,
				FBE333DE2678DA9D0036A5B5 /* OrderingRoutineItemSetCell.xib */,
			);
			path = Cell;
			sourceTree = "<group>";
		};
/* End PBXGroup section */

/* Begin PBXNativeTarget section */
		FB43403C26679E8500F5D76E /* FitnessApp */ = {
			isa = PBXNativeTarget;
			buildConfigurationList = FB43406A26679E8800F5D76E /* Build configuration list for PBXNativeTarget "FitnessApp" */;
			buildPhases = (
				FB43403926679E8500F5D76E /* Sources */,
				FB43403A26679E8500F5D76E /* Frameworks */,
				FB43403B26679E8500F5D76E /* Resources */,
			);
			buildRules = (
			);
			dependencies = (
			);
			name = FitnessApp;
			productName = FitnessApp;
			productReference = FB43403D26679E8500F5D76E /* FitnessApp.app */;
			productType = "com.apple.product-type.application";
		};
		FB43405526679E8700F5D76E /* FitnessAppTests */ = {
			isa = PBXNativeTarget;
			buildConfigurationList = FB43406D26679E8800F5D76E /* Build configuration list for PBXNativeTarget "FitnessAppTests" */;
			buildPhases = (
				FB43405226679E8700F5D76E /* Sources */,
				FB43405326679E8700F5D76E /* Frameworks */,
				FB43405426679E8700F5D76E /* Resources */,
			);
			buildRules = (
			);
			dependencies = (
				FB43405826679E8700F5D76E /* PBXTargetDependency */,
			);
			name = FitnessAppTests;
			productName = FitnessAppTests;
			productReference = FB43405626679E8700F5D76E /* FitnessAppTests.xctest */;
			productType = "com.apple.product-type.bundle.unit-test";
		};
		FB43406026679E8800F5D76E /* FitnessAppUITests */ = {
			isa = PBXNativeTarget;
			buildConfigurationList = FB43407026679E8800F5D76E /* Build configuration list for PBXNativeTarget "FitnessAppUITests" */;
			buildPhases = (
				FB43405D26679E8800F5D76E /* Sources */,
				FB43405E26679E8800F5D76E /* Frameworks */,
				FB43405F26679E8800F5D76E /* Resources */,
			);
			buildRules = (
			);
			dependencies = (
				FB43406326679E8800F5D76E /* PBXTargetDependency */,
			);
			name = FitnessAppUITests;
			productName = FitnessAppUITests;
			productReference = FB43406126679E8800F5D76E /* FitnessAppUITests.xctest */;
			productType = "com.apple.product-type.bundle.ui-testing";
		};
/* End PBXNativeTarget section */

/* Begin PBXProject section */
		FB43403526679E8500F5D76E /* Project object */ = {
			isa = PBXProject;
			attributes = {
				LastSwiftUpdateCheck = 1250;
				LastUpgradeCheck = 1250;
				TargetAttributes = {
					FB43403C26679E8500F5D76E = {
						CreatedOnToolsVersion = 12.5;
					};
					FB43405526679E8700F5D76E = {
						CreatedOnToolsVersion = 12.5;
						TestTargetID = FB43403C26679E8500F5D76E;
					};
					FB43406026679E8800F5D76E = {
						CreatedOnToolsVersion = 12.5;
						TestTargetID = FB43403C26679E8500F5D76E;
					};
				};
			};
			buildConfigurationList = FB43403826679E8500F5D76E /* Build configuration list for PBXProject "FitnessApp" */;
			compatibilityVersion = "Xcode 9.3";
			developmentRegion = en;
			hasScannedForEncodings = 0;
			knownRegions = (
				en,
				Base,
			);
			mainGroup = FB43403426679E8500F5D76E;
			productRefGroup = FB43403E26679E8500F5D76E /* Products */;
			projectDirPath = "";
			projectRoot = "";
			targets = (
				FB43403C26679E8500F5D76E /* FitnessApp */,
				FB43405526679E8700F5D76E /* FitnessAppTests */,
				FB43406026679E8800F5D76E /* FitnessAppUITests */,
			);
		};
/* End PBXProject section */

/* Begin PBXResourcesBuildPhase section */
		FB43403B26679E8500F5D76E /* Resources */ = {
			isa = PBXResourcesBuildPhase;
			buildActionMask = 2147483647;
			files = (
				FB4340772667A2AB00F5D76E /* Colors.xcassets in Resources */,
				FB434084266903D900F5D76E /* MakingTitleView.xib in Resources */,
				FB4340C2266C97D300F5D76E /* OrderingRoutinesViewController.xib in Resources */,
				FBE333C8267488890036A5B5 /* FitnessViewController.xib in Resources */,
				FBE333E02678DA9D0036A5B5 /* OrderingRoutineItemSetCell.xib in Resources */,
				FB43405026679E8700F5D76E /* LaunchScreen.storyboard in Resources */,
				FB4340752667A2A200F5D76E /* Images.xcassets in Resources */,
				FB43404D26679E8700F5D76E /* Assets.xcassets in Resources */,
				FB43407F2669032600F5D76E /* MakingRoutineViewController.xib in Resources */,
				FB434097266B443C00F5D76E /* SettingRoutineView.xib in Resources */,
				FB43409C266B481300F5D76E /* RoutineInfomationCell.xib in Resources */,
				FBE333D62678D2F90036A5B5 /* OrderingRoutineView.xib in Resources */,
				FB434089266A73D200F5D76E /* SelectingPartView.xib in Resources */,
				FB4340A2266B493300F5D76E /* RoutinePartCell.xib in Resources */,
				FB4340B4266B5ED900F5D76E /* RoutineInformationPartCell.xib in Resources */,
				FB4340AF266B5BAC00F5D76E /* RoutineItemCell.xib in Resources */,
				FB434090266B2DF200F5D76E /* SelectingPartItemCell.xib in Resources */,
				FBE333BF267472330036A5B5 /* AddingRoutineCell.xib in Resources */,
				FBE333B726723FB60036A5B5 /* SettingGoalViewController.xib in Resources */,
				FBE333C3267483370036A5B5 /* HomeViewController.xib in Resources */,
				FBE333DB2678D7010036A5B5 /* OrderingRoutineItemCell.xib in Resources */,
			);
			runOnlyForDeploymentPostprocessing = 0;
		};
		FB43405426679E8700F5D76E /* Resources */ = {
			isa = PBXResourcesBuildPhase;
			buildActionMask = 2147483647;
			files = (
			);
			runOnlyForDeploymentPostprocessing = 0;
		};
		FB43405F26679E8800F5D76E /* Resources */ = {
			isa = PBXResourcesBuildPhase;
			buildActionMask = 2147483647;
			files = (
			);
			runOnlyForDeploymentPostprocessing = 0;
		};
/* End PBXResourcesBuildPhase section */

/* Begin PBXSourcesBuildPhase section */
		FB43403926679E8500F5D76E /* Sources */ = {
			isa = PBXSourcesBuildPhase;
			buildActionMask = 2147483647;
			files = (
				FB1DD764267CC2C500C900C4 /* SettingRoutineViewModel.swift in Sources */,
				FB43404B26679E8500F5D76E /* FitnessApp.xcdatamodeld in Sources */,
				FB1DD76C267CD59A00C900C4 /* RoutinePartCellViewModel.swift in Sources */,
				FB43409B266B481300F5D76E /* RoutineInfomationCell.swift in Sources */,
				FB1DD76E267CDFE200C900C4 /* AddingRoutineCellViewModel.swift in Sources */,
				FBE333D42678D2EF0036A5B5 /* OrderingRoutineView.swift in Sources */,
				FB434082266903AD00F5D76E /* MakingTitleView.swift in Sources */,
				FB1DD76A267CCB4F00C900C4 /* RoutineItemCellViewModel.swift in Sources */,
				FB4340A1266B493300F5D76E /* RoutinePartCell.swift in Sources */,
				FB4340AE266B5BAC00F5D76E /* RoutineItemCell.swift in Sources */,
				FB4340BD266C52C100F5D76E /* UICollectionViewLeftAlignedFlowLayout.swift in Sources */,
				FB434095266B443400F5D76E /* SettingRoutineView.swift in Sources */,
				FB434087266A73C800F5D76E /* SelectingPartView.swift in Sources */,
				FB43408B266A765200F5D76E /* MakingRoutineViewModel.swift in Sources */,
				FBE333DF2678DA9D0036A5B5 /* OrderingRoutineItemSetCell.swift in Sources */,
				FB4340C1266C97D300F5D76E /* OrderingRoutinesViewController.swift in Sources */,
				FB43404526679E8500F5D76E /* HomeViewController.swift in Sources */,
				FB43404126679E8500F5D76E /* AppDelegate.swift in Sources */,
				FBE333B826723FB60036A5B5 /* SettingGoalViewController.swift in Sources */,
				FBE333D0267489D40036A5B5 /* FitnessViewController.swift in Sources */,
				FB43407A2667B91D00F5D76E /* UIView+layer.swift in Sources */,
				FB434092266B31EB00F5D76E /* UIColor+CustomColor.swift in Sources */,
				FBE333C1267482DC0036A5B5 /* FTabBarController.swift in Sources */,
				FB4340B3266B5ED900F5D76E /* RoutineInformationPartCell.swift in Sources */,
				FBE333BE267472330036A5B5 /* AddingRoutineCell.swift in Sources */,
				FB43407E2669032600F5D76E /* MakingRoutineViewController.swift in Sources */,
				FB1DD766267CC38C00C900C4 /* RoutineInformationPartCellViewModel.swift in Sources */,
				FB1DD760267CBF5E00C900C4 /* OrderingRoutineItemCellViewModel.swift in Sources */,
				FB43408F266B2DF200F5D76E /* SelectingPartItemCell.swift in Sources */,
				FB43404326679E8500F5D76E /* SceneDelegate.swift in Sources */,
				FBE333DA2678D7010036A5B5 /* OrderingRoutineItemCell.swift in Sources */,
				FB1DD762267CC0B300C900C4 /* OrderingRoutineViewModel.swift in Sources */,
				FB1DD768267CC3F100C900C4 /* RoutineInfomationCellViewModel.swift in Sources */,
			);
			runOnlyForDeploymentPostprocessing = 0;
		};
		FB43405226679E8700F5D76E /* Sources */ = {
			isa = PBXSourcesBuildPhase;
			buildActionMask = 2147483647;
			files = (
				FB43405B26679E8700F5D76E /* FitnessAppTests.swift in Sources */,
			);
			runOnlyForDeploymentPostprocessing = 0;
		};
		FB43405D26679E8800F5D76E /* Sources */ = {
			isa = PBXSourcesBuildPhase;
			buildActionMask = 2147483647;
			files = (
				FB43406626679E8800F5D76E /* FitnessAppUITests.swift in Sources */,
			);
			runOnlyForDeploymentPostprocessing = 0;
		};
/* End PBXSourcesBuildPhase section */

/* Begin PBXTargetDependency section */
		FB43405826679E8700F5D76E /* PBXTargetDependency */ = {
			isa = PBXTargetDependency;
			target = FB43403C26679E8500F5D76E /* FitnessApp */;
			targetProxy = FB43405726679E8700F5D76E /* PBXContainerItemProxy */;
		};
		FB43406326679E8800F5D76E /* PBXTargetDependency */ = {
			isa = PBXTargetDependency;
			target = FB43403C26679E8500F5D76E /* FitnessApp */;
			targetProxy = FB43406226679E8800F5D76E /* PBXContainerItemProxy */;
		};
/* End PBXTargetDependency section */

/* Begin PBXVariantGroup section */
		FB43404E26679E8700F5D76E /* LaunchScreen.storyboard */ = {
			isa = PBXVariantGroup;
			children = (
				FB43404F26679E8700F5D76E /* Base */,
			);
			name = LaunchScreen.storyboard;
			sourceTree = "<group>";
		};
/* End PBXVariantGroup section */

/* Begin XCBuildConfiguration section */
		FB43406826679E8800F5D76E /* Debug */ = {
			isa = XCBuildConfiguration;
			buildSettings = {
				ALWAYS_SEARCH_USER_PATHS = NO;
				CLANG_ANALYZER_NONNULL = YES;
				CLANG_ANALYZER_NUMBER_OBJECT_CONVERSION = YES_AGGRESSIVE;
				CLANG_CXX_LANGUAGE_STANDARD = "gnu++14";
				CLANG_CXX_LIBRARY = "libc++";
				CLANG_ENABLE_MODULES = YES;
				CLANG_ENABLE_OBJC_ARC = YES;
				CLANG_ENABLE_OBJC_WEAK = YES;
				CLANG_WARN_BLOCK_CAPTURE_AUTORELEASING = YES;
				CLANG_WARN_BOOL_CONVERSION = YES;
				CLANG_WARN_COMMA = YES;
				CLANG_WARN_CONSTANT_CONVERSION = YES;
				CLANG_WARN_DEPRECATED_OBJC_IMPLEMENTATIONS = YES;
				CLANG_WARN_DIRECT_OBJC_ISA_USAGE = YES_ERROR;
				CLANG_WARN_DOCUMENTATION_COMMENTS = YES;
				CLANG_WARN_EMPTY_BODY = YES;
				CLANG_WARN_ENUM_CONVERSION = YES;
				CLANG_WARN_INFINITE_RECURSION = YES;
				CLANG_WARN_INT_CONVERSION = YES;
				CLANG_WARN_NON_LITERAL_NULL_CONVERSION = YES;
				CLANG_WARN_OBJC_IMPLICIT_RETAIN_SELF = YES;
				CLANG_WARN_OBJC_LITERAL_CONVERSION = YES;
				CLANG_WARN_OBJC_ROOT_CLASS = YES_ERROR;
				CLANG_WARN_QUOTED_INCLUDE_IN_FRAMEWORK_HEADER = YES;
				CLANG_WARN_RANGE_LOOP_ANALYSIS = YES;
				CLANG_WARN_STRICT_PROTOTYPES = YES;
				CLANG_WARN_SUSPICIOUS_MOVE = YES;
				CLANG_WARN_UNGUARDED_AVAILABILITY = YES_AGGRESSIVE;
				CLANG_WARN_UNREACHABLE_CODE = YES;
				CLANG_WARN__DUPLICATE_METHOD_MATCH = YES;
				COPY_PHASE_STRIP = NO;
				DEBUG_INFORMATION_FORMAT = dwarf;
				ENABLE_STRICT_OBJC_MSGSEND = YES;
				ENABLE_TESTABILITY = YES;
				GCC_C_LANGUAGE_STANDARD = gnu11;
				GCC_DYNAMIC_NO_PIC = NO;
				GCC_NO_COMMON_BLOCKS = YES;
				GCC_OPTIMIZATION_LEVEL = 0;
				GCC_PREPROCESSOR_DEFINITIONS = (
					"DEBUG=1",
					"$(inherited)",
				);
				GCC_WARN_64_TO_32_BIT_CONVERSION = YES;
				GCC_WARN_ABOUT_RETURN_TYPE = YES_ERROR;
				GCC_WARN_UNDECLARED_SELECTOR = YES;
				GCC_WARN_UNINITIALIZED_AUTOS = YES_AGGRESSIVE;
				GCC_WARN_UNUSED_FUNCTION = YES;
				GCC_WARN_UNUSED_VARIABLE = YES;
				IPHONEOS_DEPLOYMENT_TARGET = 13.0;
				MTL_ENABLE_DEBUG_INFO = INCLUDE_SOURCE;
				MTL_FAST_MATH = YES;
				ONLY_ACTIVE_ARCH = YES;
				SDKROOT = iphoneos;
				SWIFT_ACTIVE_COMPILATION_CONDITIONS = DEBUG;
				SWIFT_OPTIMIZATION_LEVEL = "-Onone";
			};
			name = Debug;
		};
		FB43406926679E8800F5D76E /* Release */ = {
			isa = XCBuildConfiguration;
			buildSettings = {
				ALWAYS_SEARCH_USER_PATHS = NO;
				CLANG_ANALYZER_NONNULL = YES;
				CLANG_ANALYZER_NUMBER_OBJECT_CONVERSION = YES_AGGRESSIVE;
				CLANG_CXX_LANGUAGE_STANDARD = "gnu++14";
				CLANG_CXX_LIBRARY = "libc++";
				CLANG_ENABLE_MODULES = YES;
				CLANG_ENABLE_OBJC_ARC = YES;
				CLANG_ENABLE_OBJC_WEAK = YES;
				CLANG_WARN_BLOCK_CAPTURE_AUTORELEASING = YES;
				CLANG_WARN_BOOL_CONVERSION = YES;
				CLANG_WARN_COMMA = YES;
				CLANG_WARN_CONSTANT_CONVERSION = YES;
				CLANG_WARN_DEPRECATED_OBJC_IMPLEMENTATIONS = YES;
				CLANG_WARN_DIRECT_OBJC_ISA_USAGE = YES_ERROR;
				CLANG_WARN_DOCUMENTATION_COMMENTS = YES;
				CLANG_WARN_EMPTY_BODY = YES;
				CLANG_WARN_ENUM_CONVERSION = YES;
				CLANG_WARN_INFINITE_RECURSION = YES;
				CLANG_WARN_INT_CONVERSION = YES;
				CLANG_WARN_NON_LITERAL_NULL_CONVERSION = YES;
				CLANG_WARN_OBJC_IMPLICIT_RETAIN_SELF = YES;
				CLANG_WARN_OBJC_LITERAL_CONVERSION = YES;
				CLANG_WARN_OBJC_ROOT_CLASS = YES_ERROR;
				CLANG_WARN_QUOTED_INCLUDE_IN_FRAMEWORK_HEADER = YES;
				CLANG_WARN_RANGE_LOOP_ANALYSIS = YES;
				CLANG_WARN_STRICT_PROTOTYPES = YES;
				CLANG_WARN_SUSPICIOUS_MOVE = YES;
				CLANG_WARN_UNGUARDED_AVAILABILITY = YES_AGGRESSIVE;
				CLANG_WARN_UNREACHABLE_CODE = YES;
				CLANG_WARN__DUPLICATE_METHOD_MATCH = YES;
				COPY_PHASE_STRIP = NO;
				DEBUG_INFORMATION_FORMAT = "dwarf-with-dsym";
				ENABLE_NS_ASSERTIONS = NO;
				ENABLE_STRICT_OBJC_MSGSEND = YES;
				GCC_C_LANGUAGE_STANDARD = gnu11;
				GCC_NO_COMMON_BLOCKS = YES;
				GCC_WARN_64_TO_32_BIT_CONVERSION = YES;
				GCC_WARN_ABOUT_RETURN_TYPE = YES_ERROR;
				GCC_WARN_UNDECLARED_SELECTOR = YES;
				GCC_WARN_UNINITIALIZED_AUTOS = YES_AGGRESSIVE;
				GCC_WARN_UNUSED_FUNCTION = YES;
				GCC_WARN_UNUSED_VARIABLE = YES;
				IPHONEOS_DEPLOYMENT_TARGET = 13.0;
				MTL_ENABLE_DEBUG_INFO = NO;
				MTL_FAST_MATH = YES;
				SDKROOT = iphoneos;
				SWIFT_COMPILATION_MODE = wholemodule;
				SWIFT_OPTIMIZATION_LEVEL = "-O";
				VALIDATE_PRODUCT = YES;
			};
			name = Release;
		};
		FB43406B26679E8800F5D76E /* Debug */ = {
			isa = XCBuildConfiguration;
			buildSettings = {
				ASSETCATALOG_COMPILER_APPICON_NAME = AppIcon;
				ASSETCATALOG_COMPILER_GLOBAL_ACCENT_COLOR_NAME = AccentColor;
				CODE_SIGN_STYLE = Automatic;
				DEVELOPMENT_TEAM = BG5DA8S34C;
				INFOPLIST_FILE = FitnessApp/Info.plist;
				LD_RUNPATH_SEARCH_PATHS = (
					"$(inherited)",
					"@executable_path/Frameworks",
				);
				PRODUCT_BUNDLE_IDENTIFIER = hoju.FitnessApp;
				PRODUCT_NAME = "$(TARGET_NAME)";
				SWIFT_VERSION = 5.0;
				TARGETED_DEVICE_FAMILY = 1;
			};
			name = Debug;
		};
		FB43406C26679E8800F5D76E /* Release */ = {
			isa = XCBuildConfiguration;
			buildSettings = {
				ASSETCATALOG_COMPILER_APPICON_NAME = AppIcon;
				ASSETCATALOG_COMPILER_GLOBAL_ACCENT_COLOR_NAME = AccentColor;
				CODE_SIGN_STYLE = Automatic;
				DEVELOPMENT_TEAM = BG5DA8S34C;
				INFOPLIST_FILE = FitnessApp/Info.plist;
				LD_RUNPATH_SEARCH_PATHS = (
					"$(inherited)",
					"@executable_path/Frameworks",
				);
				PRODUCT_BUNDLE_IDENTIFIER = hoju.FitnessApp;
				PRODUCT_NAME = "$(TARGET_NAME)";
				SWIFT_VERSION = 5.0;
				TARGETED_DEVICE_FAMILY = 1;
			};
			name = Release;
		};
		FB43406E26679E8800F5D76E /* Debug */ = {
			isa = XCBuildConfiguration;
			buildSettings = {
				ALWAYS_EMBED_SWIFT_STANDARD_LIBRARIES = YES;
				BUNDLE_LOADER = "$(TEST_HOST)";
				CODE_SIGN_STYLE = Automatic;
				DEVELOPMENT_TEAM = BG5DA8S34C;
				INFOPLIST_FILE = FitnessAppTests/Info.plist;
				IPHONEOS_DEPLOYMENT_TARGET = 14.5;
				LD_RUNPATH_SEARCH_PATHS = (
					"$(inherited)",
					"@executable_path/Frameworks",
					"@loader_path/Frameworks",
				);
				PRODUCT_BUNDLE_IDENTIFIER = hoju.FitnessAppTests;
				PRODUCT_NAME = "$(TARGET_NAME)";
				SWIFT_VERSION = 5.0;
				TARGETED_DEVICE_FAMILY = "1,2";
				TEST_HOST = "$(BUILT_PRODUCTS_DIR)/FitnessApp.app/FitnessApp";
			};
			name = Debug;
		};
		FB43406F26679E8800F5D76E /* Release */ = {
			isa = XCBuildConfiguration;
			buildSettings = {
				ALWAYS_EMBED_SWIFT_STANDARD_LIBRARIES = YES;
				BUNDLE_LOADER = "$(TEST_HOST)";
				CODE_SIGN_STYLE = Automatic;
				DEVELOPMENT_TEAM = BG5DA8S34C;
				INFOPLIST_FILE = FitnessAppTests/Info.plist;
				IPHONEOS_DEPLOYMENT_TARGET = 14.5;
				LD_RUNPATH_SEARCH_PATHS = (
					"$(inherited)",
					"@executable_path/Frameworks",
					"@loader_path/Frameworks",
				);
				PRODUCT_BUNDLE_IDENTIFIER = hoju.FitnessAppTests;
				PRODUCT_NAME = "$(TARGET_NAME)";
				SWIFT_VERSION = 5.0;
				TARGETED_DEVICE_FAMILY = "1,2";
				TEST_HOST = "$(BUILT_PRODUCTS_DIR)/FitnessApp.app/FitnessApp";
			};
			name = Release;
		};
		FB43407126679E8800F5D76E /* Debug */ = {
			isa = XCBuildConfiguration;
			buildSettings = {
				ALWAYS_EMBED_SWIFT_STANDARD_LIBRARIES = YES;
				CODE_SIGN_STYLE = Automatic;
				DEVELOPMENT_TEAM = BG5DA8S34C;
				INFOPLIST_FILE = FitnessAppUITests/Info.plist;
				LD_RUNPATH_SEARCH_PATHS = (
					"$(inherited)",
					"@executable_path/Frameworks",
					"@loader_path/Frameworks",
				);
				PRODUCT_BUNDLE_IDENTIFIER = hoju.FitnessAppUITests;
				PRODUCT_NAME = "$(TARGET_NAME)";
				SWIFT_VERSION = 5.0;
				TARGETED_DEVICE_FAMILY = "1,2";
				TEST_TARGET_NAME = FitnessApp;
			};
			name = Debug;
		};
		FB43407226679E8800F5D76E /* Release */ = {
			isa = XCBuildConfiguration;
			buildSettings = {
				ALWAYS_EMBED_SWIFT_STANDARD_LIBRARIES = YES;
				CODE_SIGN_STYLE = Automatic;
				DEVELOPMENT_TEAM = BG5DA8S34C;
				INFOPLIST_FILE = FitnessAppUITests/Info.plist;
				LD_RUNPATH_SEARCH_PATHS = (
					"$(inherited)",
					"@executable_path/Frameworks",
					"@loader_path/Frameworks",
				);
				PRODUCT_BUNDLE_IDENTIFIER = hoju.FitnessAppUITests;
				PRODUCT_NAME = "$(TARGET_NAME)";
				SWIFT_VERSION = 5.0;
				TARGETED_DEVICE_FAMILY = "1,2";
				TEST_TARGET_NAME = FitnessApp;
			};
			name = Release;
		};
/* End XCBuildConfiguration section */

/* Begin XCConfigurationList section */
		FB43403826679E8500F5D76E /* Build configuration list for PBXProject "FitnessApp" */ = {
			isa = XCConfigurationList;
			buildConfigurations = (
				FB43406826679E8800F5D76E /* Debug */,
				FB43406926679E8800F5D76E /* Release */,
			);
			defaultConfigurationIsVisible = 0;
			defaultConfigurationName = Release;
		};
		FB43406A26679E8800F5D76E /* Build configuration list for PBXNativeTarget "FitnessApp" */ = {
			isa = XCConfigurationList;
			buildConfigurations = (
				FB43406B26679E8800F5D76E /* Debug */,
				FB43406C26679E8800F5D76E /* Release */,
			);
			defaultConfigurationIsVisible = 0;
			defaultConfigurationName = Release;
		};
		FB43406D26679E8800F5D76E /* Build configuration list for PBXNativeTarget "FitnessAppTests" */ = {
			isa = XCConfigurationList;
			buildConfigurations = (
				FB43406E26679E8800F5D76E /* Debug */,
				FB43406F26679E8800F5D76E /* Release */,
			);
			defaultConfigurationIsVisible = 0;
			defaultConfigurationName = Release;
		};
		FB43407026679E8800F5D76E /* Build configuration list for PBXNativeTarget "FitnessAppUITests" */ = {
			isa = XCConfigurationList;
			buildConfigurations = (
				FB43407126679E8800F5D76E /* Debug */,
				FB43407226679E8800F5D76E /* Release */,
			);
			defaultConfigurationIsVisible = 0;
			defaultConfigurationName = Release;
		};
/* End XCConfigurationList section */

/* Begin XCVersionGroup section */
		FB43404926679E8500F5D76E /* FitnessApp.xcdatamodeld */ = {
			isa = XCVersionGroup;
			children = (
				FB43404A26679E8500F5D76E /* FitnessApp.xcdatamodel */,
			);
			currentVersion = FB43404A26679E8500F5D76E /* FitnessApp.xcdatamodel */;
			path = FitnessApp.xcdatamodeld;
			sourceTree = "<group>";
			versionGroupType = wrapper.xcdatamodel;
		};
/* End XCVersionGroup section */
	};
	rootObject = FB43403526679E8500F5D76E /* Project object */;
}
